// !$*UTF8*$!
{
	archiveVersion = 1;
	classes = {
	};
	objectVersion = 56;
	objects = {

/* Begin PBXBuildFile section */
		00A468E735603C93744C69B1 /* Pods_m17.framework in Frameworks */ = {isa = PBXBuildFile; fileRef = 3FD27F441B4ACF0748D61613 /* Pods_m17.framework */; };
		C71541CD2D1AE62D00FC0652 /* AppDelegate.swift in Sources */ = {isa = PBXBuildFile; fileRef = C71541CC2D1AE62D00FC0652 /* AppDelegate.swift */; };
		C71541CF2D1AE62D00FC0652 /* SceneDelegate.swift in Sources */ = {isa = PBXBuildFile; fileRef = C71541CE2D1AE62D00FC0652 /* SceneDelegate.swift */; };
		C71541D12D1AE62D00FC0652 /* ViewController.swift in Sources */ = {isa = PBXBuildFile; fileRef = C71541D02D1AE62D00FC0652 /* ViewController.swift */; };
		C71541D42D1AE62D00FC0652 /* Base in Resources */ = {isa = PBXBuildFile; fileRef = C71541D32D1AE62D00FC0652 /* Base */; };
		C71541D62D1AE62E00FC0652 /* Assets.xcassets in Resources */ = {isa = PBXBuildFile; fileRef = C71541D52D1AE62E00FC0652 /* Assets.xcassets */; };
		C71541D92D1AE62E00FC0652 /* Base in Resources */ = {isa = PBXBuildFile; fileRef = C71541D82D1AE62E00FC0652 /* Base */; };
		C71541E12D1AE69000FC0652 /* Service.swift in Sources */ = {isa = PBXBuildFile; fileRef = C71541E02D1AE69000FC0652 /* Service.swift */; };
/* End PBXBuildFile section */

/* Begin PBXFileReference section */
		3FD27F441B4ACF0748D61613 /* Pods_m17.framework */ = {isa = PBXFileReference; explicitFileType = wrapper.framework; includeInIndex = 0; path = Pods_m17.framework; sourceTree = BUILT_PRODUCTS_DIR; };
		962AD991FC46FB529D4075C8 /* Pods-m17.release.xcconfig */ = {isa = PBXFileReference; includeInIndex = 1; lastKnownFileType = text.xcconfig; name = "Pods-m17.release.xcconfig"; path = "Target Support Files/Pods-m17/Pods-m17.release.xcconfig"; sourceTree = "<group>"; };
		C71541C92D1AE62D00FC0652 /* m17.app */ = {isa = PBXFileReference; explicitFileType = wrapper.application; includeInIndex = 0; path = m17.app; sourceTree = BUILT_PRODUCTS_DIR; };
		C71541CC2D1AE62D00FC0652 /* AppDelegate.swift */ = {isa = PBXFileReference; lastKnownFileType = sourcecode.swift; path = AppDelegate.swift; sourceTree = "<group>"; };
		C71541CE2D1AE62D00FC0652 /* SceneDelegate.swift */ = {isa = PBXFileReference; lastKnownFileType = sourcecode.swift; path = SceneDelegate.swift; sourceTree = "<group>"; };
		C71541D02D1AE62D00FC0652 /* ViewController.swift */ = {isa = PBXFileReference; lastKnownFileType = sourcecode.swift; path = ViewController.swift; sourceTree = "<group>"; };
		C71541D32D1AE62D00FC0652 /* Base */ = {isa = PBXFileReference; lastKnownFileType = file.storyboard; name = Base; path = Base.lproj/Main.storyboard; sourceTree = "<group>"; };
		C71541D52D1AE62E00FC0652 /* Assets.xcassets */ = {isa = PBXFileReference; lastKnownFileType = folder.assetcatalog; path = Assets.xcassets; sourceTree = "<group>"; };
		C71541D82D1AE62E00FC0652 /* Base */ = {isa = PBXFileReference; lastKnownFileType = file.storyboard; name = Base; path = Base.lproj/LaunchScreen.storyboard; sourceTree = "<group>"; };
		C71541DA2D1AE62E00FC0652 /* Info.plist */ = {isa = PBXFileReference; lastKnownFileType = text.plist.xml; path = Info.plist; sourceTree = "<group>"; };
		C71541E02D1AE69000FC0652 /* Service.swift */ = {isa = PBXFileReference; lastKnownFileType = sourcecode.swift; path = Service.swift; sourceTree = "<group>"; };
		CDA4B7B197B2193306454B43 /* Pods-m17.debug.xcconfig */ = {isa = PBXFileReference; includeInIndex = 1; lastKnownFileType = text.xcconfig; name = "Pods-m17.debug.xcconfig"; path = "Target Support Files/Pods-m17/Pods-m17.debug.xcconfig"; sourceTree = "<group>"; };
/* End PBXFileReference section */

/* Begin PBXFrameworksBuildPhase section */
		C71541C62D1AE62D00FC0652 /* Frameworks */ = {
			isa = PBXFrameworksBuildPhase;
			buildActionMask = 2147483647;
			files = (
				00A468E735603C93744C69B1 /* Pods_m17.framework in Frameworks */,
			);
			runOnlyForDeploymentPostprocessing = 0;
		};
/* End PBXFrameworksBuildPhase section */

/* Begin PBXGroup section */
		163865B3400BEB55C621CF09 /* Frameworks */ = {
			isa = PBXGroup;
			children = (
				3FD27F441B4ACF0748D61613 /* Pods_m17.framework */,
			);
			name = Frameworks;
			sourceTree = "<group>";
		};
		50895A01E38C3B4548CC469A /* Pods */ = {
			isa = PBXGroup;
			children = (
				CDA4B7B197B2193306454B43 /* Pods-m17.debug.xcconfig */,
				962AD991FC46FB529D4075C8 /* Pods-m17.release.xcconfig */,
			);
			name = Pods;
			path = Pods;
			sourceTree = "<group>";
		};
		C71541C02D1AE62D00FC0652 = {
			isa = PBXGroup;
			children = (
				C71541CB2D1AE62D00FC0652 /* m17 */,
				C71541CA2D1AE62D00FC0652 /* Products */,
				50895A01E38C3B4548CC469A /* Pods */,
				163865B3400BEB55C621CF09 /* Frameworks */,
			);
			sourceTree = "<group>";
		};
		C71541CA2D1AE62D00FC0652 /* Products */ = {
			isa = PBXGroup;
			children = (
				C71541C92D1AE62D00FC0652 /* m17.app */,
			);
			name = Products;
			sourceTree = "<group>";
		};
		C71541CB2D1AE62D00FC0652 /* m17 */ = {
			isa = PBXGroup;
			children = (
				C71541CC2D1AE62D00FC0652 /* AppDelegate.swift */,
				C71541CE2D1AE62D00FC0652 /* SceneDelegate.swift */,
				C71541D02D1AE62D00FC0652 /* ViewController.swift */,
				C71541D22D1AE62D00FC0652 /* Main.storyboard */,
				C71541D52D1AE62E00FC0652 /* Assets.xcassets */,
				C71541D72D1AE62E00FC0652 /* LaunchScreen.storyboard */,
				C71541DA2D1AE62E00FC0652 /* Info.plist */,
				C71541E02D1AE69000FC0652 /* Service.swift */,
			);
			path = m17;
			sourceTree = "<group>";
		};
/* End PBXGroup section */

/* Begin PBXNativeTarget section */
		C71541C82D1AE62D00FC0652 /* m17 */ = {
			isa = PBXNativeTarget;
			buildConfigurationList = C71541DD2D1AE62E00FC0652 /* Build configuration list for PBXNativeTarget "m17" */;
			buildPhases = (
				F1C4BC5E0CE7AF6F01211D05 /* [CP] Check Pods Manifest.lock */,
				C71541C52D1AE62D00FC0652 /* Sources */,
				C71541C62D1AE62D00FC0652 /* Frameworks */,
				C71541C72D1AE62D00FC0652 /* Resources */,
				BCB2ED75B9DD5DC9A19B2B14 /* [CP] Embed Pods Frameworks */,
			);
			buildRules = (
			);
			dependencies = (
			);
			name = m17;
			productName = m17;
			productReference = C71541C92D1AE62D00FC0652 /* m17.app */;
			productType = "com.apple.product-type.application";
		};
/* End PBXNativeTarget section */

/* Begin PBXProject section */
		C71541C12D1AE62D00FC0652 /* Project object */ = {
			isa = PBXProject;
			attributes = {
				BuildIndependentTargetsInParallel = 1;
				LastSwiftUpdateCheck = 1540;
				LastUpgradeCheck = 1540;
				TargetAttributes = {
					C71541C82D1AE62D00FC0652 = {
						CreatedOnToolsVersion = 15.4;
					};
				};
			};
			buildConfigurationList = C71541C42D1AE62D00FC0652 /* Build configuration list for PBXProject "m17" */;
			compatibilityVersion = "Xcode 14.0";
			developmentRegion = en;
			hasScannedForEncodings = 0;
			knownRegions = (
				en,
				Base,
			);
			mainGroup = C71541C02D1AE62D00FC0652;
			productRefGroup = C71541CA2D1AE62D00FC0652 /* Products */;
			projectDirPath = "";
			projectRoot = "";
			targets = (
				C71541C82D1AE62D00FC0652 /* m17 */,
			);
		};
/* End PBXProject section */

/* Begin PBXResourcesBuildPhase section */
		C71541C72D1AE62D00FC0652 /* Resources */ = {
			isa = PBXResourcesBuildPhase;
			buildActionMask = 2147483647;
			files = (
				C71541D62D1AE62E00FC0652 /* Assets.xcassets in Resources */,
				C71541D92D1AE62E00FC0652 /* Base in Resources */,
				C71541D42D1AE62D00FC0652 /* Base in Resources */,
			);
			runOnlyForDeploymentPostprocessing = 0;
		};
/* End PBXResourcesBuildPhase section */

/* Begin PBXShellScriptBuildPhase section */
		BCB2ED75B9DD5DC9A19B2B14 /* [CP] Embed Pods Frameworks */ = {
			isa = PBXShellScriptBuildPhase;
			buildActionMask = 2147483647;
			files = (
			);
			inputFileListPaths = (
				"${PODS_ROOT}/Target Support Files/Pods-m17/Pods-m17-frameworks-${CONFIGURATION}-input-files.xcfilelist",
			);
			name = "[CP] Embed Pods Frameworks";
			outputFileListPaths = (
				"${PODS_ROOT}/Target Support Files/Pods-m17/Pods-m17-frameworks-${CONFIGURATION}-output-files.xcfilelist",
			);
			runOnlyForDeploymentPostprocessing = 0;
			shellPath = /bin/sh;
			shellScript = "\"${PODS_ROOT}/Target Support Files/Pods-m17/Pods-m17-frameworks.sh\"\n";
			showEnvVarsInLog = 0;
		};
		F1C4BC5E0CE7AF6F01211D05 /* [CP] Check Pods Manifest.lock */ = {
			isa = PBXShellScriptBuildPhase;
			buildActionMask = 2147483647;
			files = (
			);
			inputFileListPaths = (
			);
			inputPaths = (
				"${PODS_PODFILE_DIR_PATH}/Podfile.lock",
				"${PODS_ROOT}/Manifest.lock",
			);
			name = "[CP] Check Pods Manifest.lock";
			outputFileListPaths = (
			);
			outputPaths = (
				"$(DERIVED_FILE_DIR)/Pods-m17-checkManifestLockResult.txt",
			);
			runOnlyForDeploymentPostprocessing = 0;
			shellPath = /bin/sh;
			shellScript = "diff \"${PODS_PODFILE_DIR_PATH}/Podfile.lock\" \"${PODS_ROOT}/Manifest.lock\" > /dev/null\nif [ $? != 0 ] ; then\n    # print error to STDERR\n    echo \"error: The sandbox is not in sync with the Podfile.lock. Run 'pod install' or update your CocoaPods installation.\" >&2\n    exit 1\nfi\n# This output is used by Xcode 'outputs' to avoid re-running this script phase.\necho \"SUCCESS\" > \"${SCRIPT_OUTPUT_FILE_0}\"\n";
			showEnvVarsInLog = 0;
		};
/* End PBXShellScriptBuildPhase section */

/* Begin PBXSourcesBuildPhase section */
		C71541C52D1AE62D00FC0652 /* Sources */ = {
			isa = PBXSourcesBuildPhase;
			buildActionMask = 2147483647;
			files = (
				C71541D12D1AE62D00FC0652 /* ViewController.swift in Sources */,
				C71541E12D1AE69000FC0652 /* Service.swift in Sources */,
				C71541CD2D1AE62D00FC0652 /* AppDelegate.swift in Sources */,
				C71541CF2D1AE62D00FC0652 /* SceneDelegate.swift in Sources */,
			);
			runOnlyForDeploymentPostprocessing = 0;
		};
/* End PBXSourcesBuildPhase section */

/* Begin PBXVariantGroup section */
		C71541D22D1AE62D00FC0652 /* Main.storyboard */ = {
			isa = PBXVariantGroup;
			children = (
				C71541D32D1AE62D00FC0652 /* Base */,
			);
			name = Main.storyboard;
			sourceTree = "<group>";
		};
		C71541D72D1AE62E00FC0652 /* LaunchScreen.storyboard */ = {
			isa = PBXVariantGroup;
			children = (
				C71541D82D1AE62E00FC0652 /* Base */,
			);
			name = LaunchScreen.storyboard;
			sourceTree = "<group>";
		};
/* End PBXVariantGroup section */

/* Begin XCBuildConfiguration section */
		C71541DB2D1AE62E00FC0652 /* Debug */ = {
			isa = XCBuildConfiguration;
			buildSettings = {
				ALWAYS_SEARCH_USER_PATHS = NO;
				ASSETCATALOG_COMPILER_GENERATE_SWIFT_ASSET_SYMBOL_EXTENSIONS = YES;
				CLANG_ANALYZER_NONNULL = YES;
				CLANG_ANALYZER_NUMBER_OBJECT_CONVERSION = YES_AGGRESSIVE;
				CLANG_CXX_LANGUAGE_STANDARD = "gnu++20";
				CLANG_ENABLE_MODULES = YES;
				CLANG_ENABLE_OBJC_ARC = YES;
				CLANG_ENABLE_OBJC_WEAK = YES;
				CLANG_WARN_BLOCK_CAPTURE_AUTORELEASING = YES;
				CLANG_WARN_BOOL_CONVERSION = YES;
				CLANG_WARN_COMMA = YES;
				CLANG_WARN_CONSTANT_CONVERSION = YES;
				CLANG_WARN_DEPRECATED_OBJC_IMPLEMENTATIONS = YES;
				CLANG_WARN_DIRECT_OBJC_ISA_USAGE = YES_ERROR;
				CLANG_WARN_DOCUMENTATION_COMMENTS = YES;
				CLANG_WARN_EMPTY_BODY = YES;
				CLANG_WARN_ENUM_CONVERSION = YES;
				CLANG_WARN_INFINITE_RECURSION = YES;
				CLANG_WARN_INT_CONVERSION = YES;
				CLANG_WARN_NON_LITERAL_NULL_CONVERSION = YES;
				CLANG_WARN_OBJC_IMPLICIT_RETAIN_SELF = YES;
				CLANG_WARN_OBJC_LITERAL_CONVERSION = YES;
				CLANG_WARN_OBJC_ROOT_CLASS = YES_ERROR;
				CLANG_WARN_QUOTED_INCLUDE_IN_FRAMEWORK_HEADER = YES;
				CLANG_WARN_RANGE_LOOP_ANALYSIS = YES;
				CLANG_WARN_STRICT_PROTOTYPES = YES;
				CLANG_WARN_SUSPICIOUS_MOVE = YES;
				CLANG_WARN_UNGUARDED_AVAILABILITY = YES_AGGRESSIVE;
				CLANG_WARN_UNREACHABLE_CODE = YES;
				CLANG_WARN__DUPLICATE_METHOD_MATCH = YES;
				COPY_PHASE_STRIP = NO;
				DEBUG_INFORMATION_FORMAT = dwarf;
				ENABLE_STRICT_OBJC_MSGSEND = YES;
				ENABLE_TESTABILITY = YES;
				ENABLE_USER_SCRIPT_SANDBOXING = YES;
				GCC_C_LANGUAGE_STANDARD = gnu17;
				GCC_DYNAMIC_NO_PIC = NO;
				GCC_NO_COMMON_BLOCKS = YES;
				GCC_OPTIMIZATION_LEVEL = 0;
				GCC_PREPROCESSOR_DEFINITIONS = (
					"DEBUG=1",
					"$(inherited)",
				);
				GCC_WARN_64_TO_32_BIT_CONVERSION = YES;
				GCC_WARN_ABOUT_RETURN_TYPE = YES_ERROR;
				GCC_WARN_UNDECLARED_SELECTOR = YES;
				GCC_WARN_UNINITIALIZED_AUTOS = YES_AGGRESSIVE;
				GCC_WARN_UNUSED_FUNCTION = YES;
				GCC_WARN_UNUSED_VARIABLE = YES;
				IPHONEOS_DEPLOYMENT_TARGET = 17.5;
				LOCALIZATION_PREFERS_STRING_CATALOGS = YES;
				MTL_ENABLE_DEBUG_INFO = INCLUDE_SOURCE;
				MTL_FAST_MATH = YES;
				ONLY_ACTIVE_ARCH = YES;
				SDKROOT = iphoneos;
				SWIFT_ACTIVE_COMPILATION_CONDITIONS = "DEBUG $(inherited)";
				SWIFT_OPTIMIZATION_LEVEL = "-Onone";
			};
			name = Debug;
		};
		C71541DC2D1AE62E00FC0652 /* Release */ = {
			isa = XCBuildConfiguration;
			buildSettings = {
				ALWAYS_SEARCH_USER_PATHS = NO;
				ASSETCATALOG_COMPILER_GENERATE_SWIFT_ASSET_SYMBOL_EXTENSIONS = YES;
				CLANG_ANALYZER_NONNULL = YES;
				CLANG_ANALYZER_NUMBER_OBJECT_CONVERSION = YES_AGGRESSIVE;
				CLANG_CXX_LANGUAGE_STANDARD = "gnu++20";
				CLANG_ENABLE_MODULES = YES;
				CLANG_ENABLE_OBJC_ARC = YES;
				CLANG_ENABLE_OBJC_WEAK = YES;
				CLANG_WARN_BLOCK_CAPTURE_AUTORELEASING = YES;
				CLANG_WARN_BOOL_CONVERSION = YES;
				CLANG_WARN_COMMA = YES;
				CLANG_WARN_CONSTANT_CONVERSION = YES;
				CLANG_WARN_DEPRECATED_OBJC_IMPLEMENTATIONS = YES;
				CLANG_WARN_DIRECT_OBJC_ISA_USAGE = YES_ERROR;
				CLANG_WARN_DOCUMENTATION_COMMENTS = YES;
				CLANG_WARN_EMPTY_BODY = YES;
				CLANG_WARN_ENUM_CONVERSION = YES;
				CLANG_WARN_INFINITE_RECURSION = YES;
				CLANG_WARN_INT_CONVERSION = YES;
				CLANG_WARN_NON_LITERAL_NULL_CONVERSION = YES;
				CLANG_WARN_OBJC_IMPLICIT_RETAIN_SELF = YES;
				CLANG_WARN_OBJC_LITERAL_CONVERSION = YES;
				CLANG_WARN_OBJC_ROOT_CLASS = YES_ERROR;
				CLANG_WARN_QUOTED_INCLUDE_IN_FRAMEWORK_HEADER = YES;
				CLANG_WARN_RANGE_LOOP_ANALYSIS = YES;
				CLANG_WARN_STRICT_PROTOTYPES = YES;
				CLANG_WARN_SUSPICIOUS_MOVE = YES;
				CLANG_WARN_UNGUARDED_AVAILABILITY = YES_AGGRESSIVE;
				CLANG_WARN_UNREACHABLE_CODE = YES;
				CLANG_WARN__DUPLICATE_METHOD_MATCH = YES;
				COPY_PHASE_STRIP = NO;
				DEBUG_INFORMATION_FORMAT = "dwarf-with-dsym";
				ENABLE_NS_ASSERTIONS = NO;
				ENABLE_STRICT_OBJC_MSGSEND = YES;
				ENABLE_USER_SCRIPT_SANDBOXING = YES;
				GCC_C_LANGUAGE_STANDARD = gnu17;
				GCC_NO_COMMON_BLOCKS = YES;
				GCC_WARN_64_TO_32_BIT_CONVERSION = YES;
				GCC_WARN_ABOUT_RETURN_TYPE = YES_ERROR;
				GCC_WARN_UNDECLARED_SELECTOR = YES;
				GCC_WARN_UNINITIALIZED_AUTOS = YES_AGGRESSIVE;
				GCC_WARN_UNUSED_FUNCTION = YES;
				GCC_WARN_UNUSED_VARIABLE = YES;
				IPHONEOS_DEPLOYMENT_TARGET = 17.5;
				LOCALIZATION_PREFERS_STRING_CATALOGS = YES;
				MTL_ENABLE_DEBUG_INFO = NO;
				MTL_FAST_MATH = YES;
				SDKROOT = iphoneos;
				SWIFT_COMPILATION_MODE = wholemodule;
				VALIDATE_PRODUCT = YES;
			};
			name = Release;
		};
		C71541DE2D1AE62E00FC0652 /* Debug */ = {
			isa = XCBuildConfiguration;
			baseConfigurationReference = CDA4B7B197B2193306454B43 /* Pods-m17.debug.xcconfig */;
			buildSettings = {
				ASSETCATALOG_COMPILER_APPICON_NAME = AppIcon;
				ASSETCATALOG_COMPILER_GLOBAL_ACCENT_COLOR_NAME = AccentColor;
				CODE_SIGN_STYLE = Automatic;
				CURRENT_PROJECT_VERSION = 1;
				GENERATE_INFOPLIST_FILE = YES;
				INFOPLIST_FILE = m17/Info.plist;
				INFOPLIST_KEY_UIApplicationSupportsIndirectInputEvents = YES;
				INFOPLIST_KEY_UILaunchStoryboardName = LaunchScreen;
				INFOPLIST_KEY_UIMainStoryboardFile = Main;
				INFOPLIST_KEY_UISupportedInterfaceOrientations_iPad = "UIInterfaceOrientationPortrait UIInterfaceOrientationPortraitUpsideDown UIInterfaceOrientationLandscapeLeft UIInterfaceOrientationLandscapeRight";
				INFOPLIST_KEY_UISupportedInterfaceOrientations_iPhone = "UIInterfaceOrientationPortrait UIInterfaceOrientationLandscapeLeft UIInterfaceOrientationLandscapeRight";
				LD_RUNPATH_SEARCH_PATHS = (
					"$(inherited)",
					"@executable_path/Frameworks",
				);
				MARKETING_VERSION = 1.0;
				PRODUCT_BUNDLE_IDENTIFIER = koda.m17;
				PRODUCT_NAME = "$(TARGET_NAME)";
				SWIFT_EMIT_LOC_STRINGS = YES;
				SWIFT_VERSION = 5.0;
				TARGETED_DEVICE_FAMILY = "1,2";
			};
			name = Debug;
		};
		C71541DF2D1AE62E00FC0652 /* Release */ = {
			isa = XCBuildConfiguration;
			baseConfigurationReference = 962AD991FC46FB529D4075C8 /* Pods-m17.release.xcconfig */;
			buildSettings = {
				ASSETCATALOG_COMPILER_APPICON_NAME = AppIcon;
				ASSETCATALOG_COMPILER_GLOBAL_ACCENT_COLOR_NAME = AccentColor;
				CODE_SIGN_STYLE = Automatic;
				CURRENT_PROJECT_VERSION = 1;
				GENERATE_INFOPLIST_FILE = YES;
				INFOPLIST_FILE = m17/Info.plist;
				INFOPLIST_KEY_UIApplicationSupportsIndirectInputEvents = YES;
				INFOPLIST_KEY_UILaunchStoryboardName = LaunchScreen;
				INFOPLIST_KEY_UIMainStoryboardFile = Main;
				INFOPLIST_KEY_UISupportedInterfaceOrientations_iPad = "UIInterfaceOrientationPortrait UIInterfaceOrientationPortraitUpsideDown UIInterfaceOrientationLandscapeLeft UIInterfaceOrientationLandscapeRight";
				INFOPLIST_KEY_UISupportedInterfaceOrientations_iPhone = "UIInterfaceOrientationPortrait UIInterfaceOrientationLandscapeLeft UIInterfaceOrientationLandscapeRight";
				LD_RUNPATH_SEARCH_PATHS = (
					"$(inherited)",
					"@executable_path/Frameworks",
				);
				MARKETING_VERSION = 1.0;
				PRODUCT_BUNDLE_IDENTIFIER = koda.m17;
				PRODUCT_NAME = "$(TARGET_NAME)";
				SWIFT_EMIT_LOC_STRINGS = YES;
				SWIFT_VERSION = 5.0;
				TARGETED_DEVICE_FAMILY = "1,2";
			};
			name = Release;
		};
/* End XCBuildConfiguration section */

/* Begin XCConfigurationList section */
		C71541C42D1AE62D00FC0652 /* Build configuration list for PBXProject "m17" */ = {
			isa = XCConfigurationList;
			buildConfigurations = (
				C71541DB2D1AE62E00FC0652 /* Debug */,
				C71541DC2D1AE62E00FC0652 /* Release */,
			);
			defaultConfigurationIsVisible = 0;
			defaultConfigurationName = Release;
		};
		C71541DD2D1AE62E00FC0652 /* Build configuration list for PBXNativeTarget "m17" */ = {
			isa = XCConfigurationList;
			buildConfigurations = (
				C71541DE2D1AE62E00FC0652 /* Debug */,
				C71541DF2D1AE62E00FC0652 /* Release */,
			);
			defaultConfigurationIsVisible = 0;
			defaultConfigurationName = Release;
		};
/* End XCConfigurationList section */
	};
	rootObject = C71541C12D1AE62D00FC0652 /* Project object */;
}
